
Microsoft Visual Studio Solution File, Format Version 12.00
# Visual Studio Version 17
VisualStudioVersion = 17.2.32516.85
MinimumVisualStudioVersion = 10.0.40219.1
Project("{FAE04EC0-301F-11D3-BF4B-00C04F79EFBC}") = "MFC", "MFC\MFC.csproj", "{C56829ED-7427-4924-9D52-8ADF997E62AC}"
EndProject
Global
	GlobalSection(SolutionConfigurationPlatforms) = preSolution
		Debug|Any CPU = Debug|Any CPU
		Release|Any CPU = Release|Any CPU
	EndGlobalSection
	GlobalSection(ProjectConfigurationPlatforms) = postSolution
		{C56829ED-7427-4924-9D52-8ADF997E62AC}.Debug|Any CPU.ActiveCfg = Debug|Any CPU
		{C56829ED-7427-4924-9D52-8ADF997E62AC}.Debug|Any CPU.Build.0 = Debug|Any CPU
		{C56829ED-7427-4924-9D52-8ADF997E62AC}.Release|Any CPU.ActiveCfg = Release|Any CPU
		{C56829ED-7427-4924-9D52-8ADF997E62AC}.Release|Any CPU.Build.0 = Release|Any CPU
	EndGlobalSection
	GlobalSection(SolutionProperties) = preSolution
		HideSolutionNode = FALSE
	EndGlobalSection
	GlobalSection(ExtensibilityGlobals) = postSolution
		SolutionGuid = {FC9508F2-ED7C-4C9D-94A5-91A082C45B29}
	EndGlobalSection
EndGlobal
